
Microsoft Visual Studio Solution File, Format Version 12.00
# Visual Studio Version 16
VisualStudioVersion = 16.0.31321.278
MinimumVisualStudioVersion = 10.0.40219.1
Project("{FAE04EC0-301F-11D3-BF4B-00C04F79EFBC}") = "Mvc_Demo", "Mvc_Demo\Mvc_Demo.csproj", "{325B30B3-A5D3-4389-A252-8323A335682A}"
EndProject
Global
	GlobalSection(SolutionConfigurationPlatforms) = preSolution
		Debug|Any CPU = Debug|Any CPU
		Release|Any CPU = Release|Any CPU
	EndGlobalSection
	GlobalSection(ProjectConfigurationPlatforms) = postSolution
		{325B30B3-A5D3-4389-A252-8323A335682A}.Debug|Any CPU.ActiveCfg = Debug|Any CPU
		{325B30B3-A5D3-4389-A252-8323A335682A}.Debug|Any CPU.Build.0 = Debug|Any CPU
		{325B30B3-A5D3-4389-A252-8323A335682A}.Release|Any CPU.ActiveCfg = Release|Any CPU
		{325B30B3-A5D3-4389-A252-8323A335682A}.Release|Any CPU.Build.0 = Release|Any CPU
	EndGlobalSection
	GlobalSection(SolutionProperties) = preSolution
		HideSolutionNode = FALSE
	EndGlobalSection
	GlobalSection(ExtensibilityGlobals) = postSolution
		SolutionGuid = {9CE00A61-6641-4072-8F59-7150A2C83185}
	EndGlobalSection
EndGlobal
